lockfileVersion: "9.0"

settings:
  autoInstallPeers: true
  excludeLinksFromLockfile: false

importers:
  .:
    devDependencies:
      "@types/nova-editor":
        specifier: ^1.0.3
        version: 1.0.3
      prettier:
        specifier: ^3.6.2
        version: 3.6.2

packages:
  "@types/nova-editor-node@5.1.4":
    resolution:
      {
        integrity: sha512-S/GlHNya+zA+EyYxl/EnEPB7xJTGz5RDz/MU3ZytMK4Hl6rQSegl0Deq7t+2NnxwYFdRnJ9RVMsLDIQQHXxLGw==
      }

  "@types/nova-editor@1.0.3":
    resolution:
      {
        integrity: sha512-NoqbL35qeb5Z5HmI3mgsQDLbp9rB1E7uLb7ZR8b2diDesn9vfebJoJPqvhnlPvhUjwXuoAPZs3PToL8+BuIq0Q==
      }

  prettier@3.6.2:
    resolution:
      {
        integrity: sha512-I7AIg5boAr5R0FFtJ6rCfD+LFsWHp81dolrFD8S79U9tb8Az2nGrJncnMSnys+bpQJfRUzqs9hnA81OAA3hCuQ==
      }
    engines: { node: ">=14" }
    hasBin: true

snapshots:
  "@types/nova-editor-node@5.1.4": {}

  "@types/nova-editor@1.0.3":
    dependencies:
      "@types/nova-editor-node": 5.1.4

  prettier@3.6.2: {}
